
Microsoft Visual Studio Solution File, Format Version 12.00
# Visual Studio Version 17
VisualStudioVersion = 17.6.33829.357
MinimumVisualStudioVersion = 10.0.40219.1
Project("{FAE04EC0-301F-11D3-BF4B-00C04F79EFBC}") = "StimulSoftExample", "StimulSoftExample\StimulSoftExample.csproj", "{DE8E3591-A14B-4E94-A82F-7AC9DB1D08D1}"
EndProject
Global
	GlobalSection(SolutionConfigurationPlatforms) = preSolution
		Debug|Any CPU = Debug|Any CPU
		Release|Any CPU = Release|Any CPU
	EndGlobalSection
	GlobalSection(ProjectConfigurationPlatforms) = postSolution
		{DE8E3591-A14B-4E94-A82F-7AC9DB1D08D1}.Debug|Any CPU.ActiveCfg = Debug|Any CPU
		{DE8E3591-A14B-4E94-A82F-7AC9DB1D08D1}.Debug|Any CPU.Build.0 = Debug|Any CPU
		{DE8E3591-A14B-4E94-A82F-7AC9DB1D08D1}.Release|Any CPU.ActiveCfg = Release|Any CPU
		{DE8E3591-A14B-4E94-A82F-7AC9DB1D08D1}.Release|Any CPU.Build.0 = Release|Any CPU
	EndGlobalSection
	GlobalSection(SolutionProperties) = preSolution
		HideSolutionNode = FALSE
	EndGlobalSection
	GlobalSection(ExtensibilityGlobals) = postSolution
		SolutionGuid = {2C5A04EB-5C6E-45F6-91B5-8BFD8B005DE8}
	EndGlobalSection
EndGlobal
